{
  "name": "Shop",
  "lockfileVersion": 3,
  "requires": true,
  "packages": {
    "": {
      "dependencies": {
        "@golevelup/ts-jest": "^0.4.0"
      }
    },
    "node_modules/@golevelup/ts-jest": {
      "version": "0.4.0",
      "resolved": "https://registry.npmjs.org/@golevelup/ts-jest/-/ts-jest-0.4.0.tgz",
      "integrity": "sha512-ehgllV/xU8PC+yVyEUtTzhiSQKsr7k5Jz74B6dtCaVJz7/Vo7JiaACsCLvD7/iATlJUAEqvBson0OHewD3JDzQ=="
    }
  }
}
